
Microsoft Visual Studio Solution File, Format Version 12.00
# Visual Studio Version 17
VisualStudioVersion = 17.7.34202.233
MinimumVisualStudioVersion = 10.0.40219.1
Project("{FAE04EC0-301F-11D3-BF4B-00C04F79EFBC}") = "WoodPelletsLib", "WoodPelletsLib\WoodPelletsLib.csproj", "{7F341DFC-D6A6-49B0-8DB0-02372ED2F5A0}"
EndProject
Project("{FAE04EC0-301F-11D3-BF4B-00C04F79EFBC}") = "WoodPelletsLibTests", "WoodPelletsLibTests\WoodPelletsLibTests.csproj", "{8B25CB46-3E29-4695-82C8-3C9BB1A16A97}"
EndProject
Project("{FAE04EC0-301F-11D3-BF4B-00C04F79EFBC}") = "RestWoodPellets", "RestWoodPellets\RestWoodPellets.csproj", "{14181E21-85E3-48FB-9CA6-0A4D27DCE91A}"
EndProject
Global
	GlobalSection(SolutionConfigurationPlatforms) = preSolution
		Debug|Any CPU = Debug|Any CPU
		Release|Any CPU = Release|Any CPU
	EndGlobalSection
	GlobalSection(ProjectConfigurationPlatforms) = postSolution
		{7F341DFC-D6A6-49B0-8DB0-02372ED2F5A0}.Debug|Any CPU.ActiveCfg = Debug|Any CPU
		{7F341DFC-D6A6-49B0-8DB0-02372ED2F5A0}.Debug|Any CPU.Build.0 = Debug|Any CPU
		{7F341DFC-D6A6-49B0-8DB0-02372ED2F5A0}.Release|Any CPU.ActiveCfg = Release|Any CPU
		{7F341DFC-D6A6-49B0-8DB0-02372ED2F5A0}.Release|Any CPU.Build.0 = Release|Any CPU
		{8B25CB46-3E29-4695-82C8-3C9BB1A16A97}.Debug|Any CPU.ActiveCfg = Debug|Any CPU
		{8B25CB46-3E29-4695-82C8-3C9BB1A16A97}.Debug|Any CPU.Build.0 = Debug|Any CPU
		{8B25CB46-3E29-4695-82C8-3C9BB1A16A97}.Release|Any CPU.ActiveCfg = Release|Any CPU
		{8B25CB46-3E29-4695-82C8-3C9BB1A16A97}.Release|Any CPU.Build.0 = Release|Any CPU
		{14181E21-85E3-48FB-9CA6-0A4D27DCE91A}.Debug|Any CPU.ActiveCfg = Debug|Any CPU
		{14181E21-85E3-48FB-9CA6-0A4D27DCE91A}.Debug|Any CPU.Build.0 = Debug|Any CPU
		{14181E21-85E3-48FB-9CA6-0A4D27DCE91A}.Release|Any CPU.ActiveCfg = Release|Any CPU
		{14181E21-85E3-48FB-9CA6-0A4D27DCE91A}.Release|Any CPU.Build.0 = Release|Any CPU
	EndGlobalSection
	GlobalSection(SolutionProperties) = preSolution
		HideSolutionNode = FALSE
	EndGlobalSection
	GlobalSection(ExtensibilityGlobals) = postSolution
		SolutionGuid = {978CEE3B-A04D-4CF2-9AF8-85F50DA16C6C}
	EndGlobalSection
EndGlobal
